// !$*UTF8*$!
{
	archiveVersion = 1;
	classes = {
	};
	objectVersion = 56;
	objects = {

/* Begin PBXBuildFile section */
		40156CC62CB7C73F00711162 /* Product.swift in Sources */ = {isa = PBXBuildFile; fileRef = 40156CC52CB7C73F00711162 /* Product.swift */; };
		40156CC72CB7C73F00711162 /* Product.swift in Sources */ = {isa = PBXBuildFile; fileRef = 40156CC52CB7C73F00711162 /* Product.swift */; };
		40156CC82CB7C73F00711162 /* Product.swift in Sources */ = {isa = PBXBuildFile; fileRef = 40156CC52CB7C73F00711162 /* Product.swift */; };
		40156CCF2CB7CA2F00711162 /* ProductsServiceProtocol.swift in Sources */ = {isa = PBXBuildFile; fileRef = 40156CCE2CB7CA2F00711162 /* ProductsServiceProtocol.swift */; };
		40156CD02CB7CA2F00711162 /* ProductsServiceProtocol.swift in Sources */ = {isa = PBXBuildFile; fileRef = 40156CCE2CB7CA2F00711162 /* ProductsServiceProtocol.swift */; };
		40156CD12CB7CA2F00711162 /* ProductsServiceProtocol.swift in Sources */ = {isa = PBXBuildFile; fileRef = 40156CCE2CB7CA2F00711162 /* ProductsServiceProtocol.swift */; };
		40156CD32CB7CAB200711162 /* MockProductsService.swift in Sources */ = {isa = PBXBuildFile; fileRef = 40156CD22CB7CAB200711162 /* MockProductsService.swift */; };
		40156CD42CB7CAB200711162 /* MockProductsService.swift in Sources */ = {isa = PBXBuildFile; fileRef = 40156CD22CB7CAB200711162 /* MockProductsService.swift */; };
		40156CD52CB7CAB200711162 /* MockProductsService.swift in Sources */ = {isa = PBXBuildFile; fileRef = 40156CD22CB7CAB200711162 /* MockProductsService.swift */; };
		40156CD82CB7CF0800711162 /* DIContainer.swift in Sources */ = {isa = PBXBuildFile; fileRef = 40156CD72CB7CF0800711162 /* DIContainer.swift */; };
		40156CD92CB7CF0800711162 /* DIContainer.swift in Sources */ = {isa = PBXBuildFile; fileRef = 40156CD72CB7CF0800711162 /* DIContainer.swift */; };
		40156CDA2CB7CF0800711162 /* DIContainer.swift in Sources */ = {isa = PBXBuildFile; fileRef = 40156CD72CB7CF0800711162 /* DIContainer.swift */; };
		40156CDC2CB7D1BB00711162 /* CatalogViewModel.swift in Sources */ = {isa = PBXBuildFile; fileRef = 40156CDB2CB7D1BB00711162 /* CatalogViewModel.swift */; };
		40156CDD2CB7D1BB00711162 /* CatalogViewModel.swift in Sources */ = {isa = PBXBuildFile; fileRef = 40156CDB2CB7D1BB00711162 /* CatalogViewModel.swift */; };
		40156CDE2CB7D1BB00711162 /* CatalogViewModel.swift in Sources */ = {isa = PBXBuildFile; fileRef = 40156CDB2CB7D1BB00711162 /* CatalogViewModel.swift */; };
		40156CE12CB7E38700711162 /* Preview Assets.xcassets in Resources */ = {isa = PBXBuildFile; fileRef = 40156CDF2CB7E38700711162 /* Preview Assets.xcassets */; };
		40156CE22CB7E38700711162 /* Preview Assets.xcassets in Resources */ = {isa = PBXBuildFile; fileRef = 40156CDF2CB7E38700711162 /* Preview Assets.xcassets */; };
		40156CE32CB7E38700711162 /* Preview Assets.xcassets in Resources */ = {isa = PBXBuildFile; fileRef = 40156CDF2CB7E38700711162 /* Preview Assets.xcassets */; };
		40156CE52CB7E40100711162 /* Assets.xcassets in Resources */ = {isa = PBXBuildFile; fileRef = 40156CE42CB7E40100711162 /* Assets.xcassets */; };
		40156CE62CB7E40100711162 /* Assets.xcassets in Resources */ = {isa = PBXBuildFile; fileRef = 40156CE42CB7E40100711162 /* Assets.xcassets */; };
		40156CE72CB7E40100711162 /* Assets.xcassets in Resources */ = {isa = PBXBuildFile; fileRef = 40156CE42CB7E40100711162 /* Assets.xcassets */; };
		40C30DF22CB529E3004C4DD5 /* SimpleShoppingApp.swift in Sources */ = {isa = PBXBuildFile; fileRef = 40C30DF12CB529E3004C4DD5 /* SimpleShoppingApp.swift */; };
		40C30DF42CB529E3004C4DD5 /* CatalogView.swift in Sources */ = {isa = PBXBuildFile; fileRef = 40C30DF32CB529E3004C4DD5 /* CatalogView.swift */; };
		40C30E032CB529E5004C4DD5 /* SimpleShoppingTests.swift in Sources */ = {isa = PBXBuildFile; fileRef = 40C30E022CB529E5004C4DD5 /* SimpleShoppingTests.swift */; };
		40C30E0D2CB529E5004C4DD5 /* SimpleShoppingUITests.swift in Sources */ = {isa = PBXBuildFile; fileRef = 40C30E0C2CB529E5004C4DD5 /* SimpleShoppingUITests.swift */; };
		40C30E0F2CB529E5004C4DD5 /* SimpleShoppingUITestsLaunchTests.swift in Sources */ = {isa = PBXBuildFile; fileRef = 40C30E0E2CB529E5004C4DD5 /* SimpleShoppingUITestsLaunchTests.swift */; };
/* End PBXBuildFile section */

/* Begin PBXContainerItemProxy section */
		40C30DFF2CB529E5004C4DD5 /* PBXContainerItemProxy */ = {
			isa = PBXContainerItemProxy;
			containerPortal = 40C30DE62CB529E3004C4DD5 /* Project object */;
			proxyType = 1;
			remoteGlobalIDString = 40C30DED2CB529E3004C4DD5;
			remoteInfo = SimpleShopping;
		};
		40C30E092CB529E5004C4DD5 /* PBXContainerItemProxy */ = {
			isa = PBXContainerItemProxy;
			containerPortal = 40C30DE62CB529E3004C4DD5 /* Project object */;
			proxyType = 1;
			remoteGlobalIDString = 40C30DED2CB529E3004C4DD5;
			remoteInfo = SimpleShopping;
		};
/* End PBXContainerItemProxy section */

/* Begin PBXFileReference section */
		40156CC52CB7C73F00711162 /* Product.swift */ = {isa = PBXFileReference; lastKnownFileType = sourcecode.swift; path = Product.swift; sourceTree = "<group>"; };
		40156CCE2CB7CA2F00711162 /* ProductsServiceProtocol.swift */ = {isa = PBXFileReference; lastKnownFileType = sourcecode.swift; path = ProductsServiceProtocol.swift; sourceTree = "<group>"; };
		40156CD22CB7CAB200711162 /* MockProductsService.swift */ = {isa = PBXFileReference; lastKnownFileType = sourcecode.swift; path = MockProductsService.swift; sourceTree = "<group>"; };
		40156CD72CB7CF0800711162 /* DIContainer.swift */ = {isa = PBXFileReference; lastKnownFileType = sourcecode.swift; path = DIContainer.swift; sourceTree = "<group>"; };
		40156CDB2CB7D1BB00711162 /* CatalogViewModel.swift */ = {isa = PBXFileReference; lastKnownFileType = sourcecode.swift; path = CatalogViewModel.swift; sourceTree = "<group>"; };
		40156CDF2CB7E38700711162 /* Preview Assets.xcassets */ = {isa = PBXFileReference; lastKnownFileType = folder.assetcatalog; path = "Preview Assets.xcassets"; sourceTree = "<group>"; };
		40156CE42CB7E40100711162 /* Assets.xcassets */ = {isa = PBXFileReference; lastKnownFileType = folder.assetcatalog; path = Assets.xcassets; sourceTree = "<group>"; };
		40C30DEE2CB529E3004C4DD5 /* SimpleShopping.app */ = {isa = PBXFileReference; explicitFileType = wrapper.application; includeInIndex = 0; path = SimpleShopping.app; sourceTree = BUILT_PRODUCTS_DIR; };
		40C30DF12CB529E3004C4DD5 /* SimpleShoppingApp.swift */ = {isa = PBXFileReference; lastKnownFileType = sourcecode.swift; path = SimpleShoppingApp.swift; sourceTree = "<group>"; };
		40C30DF32CB529E3004C4DD5 /* CatalogView.swift */ = {isa = PBXFileReference; lastKnownFileType = sourcecode.swift; path = CatalogView.swift; sourceTree = "<group>"; };
		40C30DFE2CB529E5004C4DD5 /* SimpleShoppingTests.xctest */ = {isa = PBXFileReference; explicitFileType = wrapper.cfbundle; includeInIndex = 0; path = SimpleShoppingTests.xctest; sourceTree = BUILT_PRODUCTS_DIR; };
		40C30E022CB529E5004C4DD5 /* SimpleShoppingTests.swift */ = {isa = PBXFileReference; lastKnownFileType = sourcecode.swift; path = SimpleShoppingTests.swift; sourceTree = "<group>"; };
		40C30E082CB529E5004C4DD5 /* SimpleShoppingUITests.xctest */ = {isa = PBXFileReference; explicitFileType = wrapper.cfbundle; includeInIndex = 0; path = SimpleShoppingUITests.xctest; sourceTree = BUILT_PRODUCTS_DIR; };
		40C30E0C2CB529E5004C4DD5 /* SimpleShoppingUITests.swift */ = {isa = PBXFileReference; lastKnownFileType = sourcecode.swift; path = SimpleShoppingUITests.swift; sourceTree = "<group>"; };
		40C30E0E2CB529E5004C4DD5 /* SimpleShoppingUITestsLaunchTests.swift */ = {isa = PBXFileReference; lastKnownFileType = sourcecode.swift; path = SimpleShoppingUITestsLaunchTests.swift; sourceTree = "<group>"; };
/* End PBXFileReference section */

/* Begin PBXFrameworksBuildPhase section */
		40C30DEB2CB529E3004C4DD5 /* Frameworks */ = {
			isa = PBXFrameworksBuildPhase;
			buildActionMask = 2147483647;
			files = (
			);
			runOnlyForDeploymentPostprocessing = 0;
		};
		40C30DFB2CB529E5004C4DD5 /* Frameworks */ = {
			isa = PBXFrameworksBuildPhase;
			buildActionMask = 2147483647;
			files = (
			);
			runOnlyForDeploymentPostprocessing = 0;
		};
		40C30E052CB529E5004C4DD5 /* Frameworks */ = {
			isa = PBXFrameworksBuildPhase;
			buildActionMask = 2147483647;
			files = (
			);
			runOnlyForDeploymentPostprocessing = 0;
		};
/* End PBXFrameworksBuildPhase section */

/* Begin PBXGroup section */
		40156CC42CB7C71B00711162 /* Models */ = {
			isa = PBXGroup;
			children = (
				40156CC52CB7C73F00711162 /* Product.swift */,
			);
			path = Models;
			sourceTree = "<group>";
		};
		40156CCD2CB7CA0100711162 /* Services */ = {
			isa = PBXGroup;
			children = (
				40156CD72CB7CF0800711162 /* DIContainer.swift */,
				40156CCE2CB7CA2F00711162 /* ProductsServiceProtocol.swift */,
				40156CD22CB7CAB200711162 /* MockProductsService.swift */,
			);
			path = Services;
			sourceTree = "<group>";
		};
		40156CD62CB7CDBF00711162 /* Views */ = {
			isa = PBXGroup;
			children = (
				40C30DF32CB529E3004C4DD5 /* CatalogView.swift */,
				40156CDB2CB7D1BB00711162 /* CatalogViewModel.swift */,
			);
			path = Views;
			sourceTree = "<group>";
		};
		40156CE02CB7E38700711162 /* Preview Content */ = {
			isa = PBXGroup;
			children = (
				40156CDF2CB7E38700711162 /* Preview Assets.xcassets */,
			);
			path = "Preview Content";
			sourceTree = "<group>";
		};
		40C30DE52CB529E3004C4DD5 = {
			isa = PBXGroup;
			children = (
				40C30DF02CB529E3004C4DD5 /* SimpleShopping */,
				40C30E012CB529E5004C4DD5 /* SimpleShoppingTests */,
				40C30E0B2CB529E5004C4DD5 /* SimpleShoppingUITests */,
				40C30DEF2CB529E3004C4DD5 /* Products */,
			);
			sourceTree = "<group>";
		};
		40C30DEF2CB529E3004C4DD5 /* Products */ = {
			isa = PBXGroup;
			children = (
				40C30DEE2CB529E3004C4DD5 /* SimpleShopping.app */,
				40C30DFE2CB529E5004C4DD5 /* SimpleShoppingTests.xctest */,
				40C30E082CB529E5004C4DD5 /* SimpleShoppingUITests.xctest */,
			);
			name = Products;
			sourceTree = "<group>";
		};
		40C30DF02CB529E3004C4DD5 /* SimpleShopping */ = {
			isa = PBXGroup;
			children = (
				40C30DF12CB529E3004C4DD5 /* SimpleShoppingApp.swift */,
				40156CCD2CB7CA0100711162 /* Services */,
				40156CC42CB7C71B00711162 /* Models */,
				40156CD62CB7CDBF00711162 /* Views */,
				40156CE42CB7E40100711162 /* Assets.xcassets */,
				40156CE02CB7E38700711162 /* Preview Content */,
			);
			path = SimpleShopping;
			sourceTree = "<group>";
		};
		40C30E012CB529E5004C4DD5 /* SimpleShoppingTests */ = {
			isa = PBXGroup;
			children = (
				40C30E022CB529E5004C4DD5 /* SimpleShoppingTests.swift */,
			);
			path = SimpleShoppingTests;
			sourceTree = "<group>";
		};
		40C30E0B2CB529E5004C4DD5 /* SimpleShoppingUITests */ = {
			isa = PBXGroup;
			children = (
				40C30E0C2CB529E5004C4DD5 /* SimpleShoppingUITests.swift */,
				40C30E0E2CB529E5004C4DD5 /* SimpleShoppingUITestsLaunchTests.swift */,
			);
			path = SimpleShoppingUITests;
			sourceTree = "<group>";
		};
/* End PBXGroup section */

/* Begin PBXNativeTarget section */
		40C30DED2CB529E3004C4DD5 /* SimpleShopping */ = {
			isa = PBXNativeTarget;
			buildConfigurationList = 40C30E122CB529E5004C4DD5 /* Build configuration list for PBXNativeTarget "SimpleShopping" */;
			buildPhases = (
				40C30DEA2CB529E3004C4DD5 /* Sources */,
				40C30DEB2CB529E3004C4DD5 /* Frameworks */,
				40C30DEC2CB529E3004C4DD5 /* Resources */,
			);
			buildRules = (
			);
			dependencies = (
			);
			name = SimpleShopping;
			productName = SimpleShopping;
			productReference = 40C30DEE2CB529E3004C4DD5 /* SimpleShopping.app */;
			productType = "com.apple.product-type.application";
		};
		40C30DFD2CB529E5004C4DD5 /* SimpleShoppingTests */ = {
			isa = PBXNativeTarget;
			buildConfigurationList = 40C30E152CB529E5004C4DD5 /* Build configuration list for PBXNativeTarget "SimpleShoppingTests" */;
			buildPhases = (
				40C30DFA2CB529E5004C4DD5 /* Sources */,
				40C30DFB2CB529E5004C4DD5 /* Frameworks */,
				40C30DFC2CB529E5004C4DD5 /* Resources */,
			);
			buildRules = (
			);
			dependencies = (
				40C30E002CB529E5004C4DD5 /* PBXTargetDependency */,
			);
			name = SimpleShoppingTests;
			productName = SimpleShoppingTests;
			productReference = 40C30DFE2CB529E5004C4DD5 /* SimpleShoppingTests.xctest */;
			productType = "com.apple.product-type.bundle.unit-test";
		};
		40C30E072CB529E5004C4DD5 /* SimpleShoppingUITests */ = {
			isa = PBXNativeTarget;
			buildConfigurationList = 40C30E182CB529E5004C4DD5 /* Build configuration list for PBXNativeTarget "SimpleShoppingUITests" */;
			buildPhases = (
				40C30E042CB529E5004C4DD5 /* Sources */,
				40C30E052CB529E5004C4DD5 /* Frameworks */,
				40C30E062CB529E5004C4DD5 /* Resources */,
			);
			buildRules = (
			);
			dependencies = (
				40C30E0A2CB529E5004C4DD5 /* PBXTargetDependency */,
			);
			name = SimpleShoppingUITests;
			productName = SimpleShoppingUITests;
			productReference = 40C30E082CB529E5004C4DD5 /* SimpleShoppingUITests.xctest */;
			productType = "com.apple.product-type.bundle.ui-testing";
		};
/* End PBXNativeTarget section */

/* Begin PBXProject section */
		40C30DE62CB529E3004C4DD5 /* Project object */ = {
			isa = PBXProject;
			attributes = {
				BuildIndependentTargetsInParallel = 1;
				LastSwiftUpdateCheck = 1540;
				LastUpgradeCheck = 1540;
				TargetAttributes = {
					40C30DED2CB529E3004C4DD5 = {
						CreatedOnToolsVersion = 15.4;
					};
					40C30DFD2CB529E5004C4DD5 = {
						CreatedOnToolsVersion = 15.4;
						TestTargetID = 40C30DED2CB529E3004C4DD5;
					};
					40C30E072CB529E5004C4DD5 = {
						CreatedOnToolsVersion = 15.4;
						TestTargetID = 40C30DED2CB529E3004C4DD5;
					};
				};
			};
			buildConfigurationList = 40C30DE92CB529E3004C4DD5 /* Build configuration list for PBXProject "SimpleShopping" */;
			compatibilityVersion = "Xcode 14.0";
			developmentRegion = en;
			hasScannedForEncodings = 0;
			knownRegions = (
				en,
				Base,
			);
			mainGroup = 40C30DE52CB529E3004C4DD5;
			productRefGroup = 40C30DEF2CB529E3004C4DD5 /* Products */;
			projectDirPath = "";
			projectRoot = "";
			targets = (
				40C30DED2CB529E3004C4DD5 /* SimpleShopping */,
				40C30DFD2CB529E5004C4DD5 /* SimpleShoppingTests */,
				40C30E072CB529E5004C4DD5 /* SimpleShoppingUITests */,
			);
		};
/* End PBXProject section */

/* Begin PBXResourcesBuildPhase section */
		40C30DEC2CB529E3004C4DD5 /* Resources */ = {
			isa = PBXResourcesBuildPhase;
			buildActionMask = 2147483647;
			files = (
				40156CE52CB7E40100711162 /* Assets.xcassets in Resources */,
				40156CE12CB7E38700711162 /* Preview Assets.xcassets in Resources */,
			);
			runOnlyForDeploymentPostprocessing = 0;
		};
		40C30DFC2CB529E5004C4DD5 /* Resources */ = {
			isa = PBXResourcesBuildPhase;
			buildActionMask = 2147483647;
			files = (
				40156CE62CB7E40100711162 /* Assets.xcassets in Resources */,
				40156CE22CB7E38700711162 /* Preview Assets.xcassets in Resources */,
			);
			runOnlyForDeploymentPostprocessing = 0;
		};
		40C30E062CB529E5004C4DD5 /* Resources */ = {
			isa = PBXResourcesBuildPhase;
			buildActionMask = 2147483647;
			files = (
				40156CE72CB7E40100711162 /* Assets.xcassets in Resources */,
				40156CE32CB7E38700711162 /* Preview Assets.xcassets in Resources */,
			);
			runOnlyForDeploymentPostprocessing = 0;
		};
/* End PBXResourcesBuildPhase section */

/* Begin PBXSourcesBuildPhase section */
		40C30DEA2CB529E3004C4DD5 /* Sources */ = {
			isa = PBXSourcesBuildPhase;
			buildActionMask = 2147483647;
			files = (
				40156CCF2CB7CA2F00711162 /* ProductsServiceProtocol.swift in Sources */,
				40156CD32CB7CAB200711162 /* MockProductsService.swift in Sources */,
				40156CDC2CB7D1BB00711162 /* CatalogViewModel.swift in Sources */,
				40C30DF42CB529E3004C4DD5 /* CatalogView.swift in Sources */,
				40C30DF22CB529E3004C4DD5 /* SimpleShoppingApp.swift in Sources */,
				40156CD82CB7CF0800711162 /* DIContainer.swift in Sources */,
				40156CC62CB7C73F00711162 /* Product.swift in Sources */,
			);
			runOnlyForDeploymentPostprocessing = 0;
		};
		40C30DFA2CB529E5004C4DD5 /* Sources */ = {
			isa = PBXSourcesBuildPhase;
			buildActionMask = 2147483647;
			files = (
				40156CDD2CB7D1BB00711162 /* CatalogViewModel.swift in Sources */,
				40C30E032CB529E5004C4DD5 /* SimpleShoppingTests.swift in Sources */,
				40156CC72CB7C73F00711162 /* Product.swift in Sources */,
				40156CD92CB7CF0800711162 /* DIContainer.swift in Sources */,
				40156CD02CB7CA2F00711162 /* ProductsServiceProtocol.swift in Sources */,
				40156CD42CB7CAB200711162 /* MockProductsService.swift in Sources */,
			);
			runOnlyForDeploymentPostprocessing = 0;
		};
		40C30E042CB529E5004C4DD5 /* Sources */ = {
			isa = PBXSourcesBuildPhase;
			buildActionMask = 2147483647;
			files = (
				40156CD12CB7CA2F00711162 /* ProductsServiceProtocol.swift in Sources */,
				40156CD52CB7CAB200711162 /* MockProductsService.swift in Sources */,
				40156CDE2CB7D1BB00711162 /* CatalogViewModel.swift in Sources */,
				40C30E0F2CB529E5004C4DD5 /* SimpleShoppingUITestsLaunchTests.swift in Sources */,
				40C30E0D2CB529E5004C4DD5 /* SimpleShoppingUITests.swift in Sources */,
				40156CDA2CB7CF0800711162 /* DIContainer.swift in Sources */,
				40156CC82CB7C73F00711162 /* Product.swift in Sources */,
			);
			runOnlyForDeploymentPostprocessing = 0;
		};
/* End PBXSourcesBuildPhase section */

/* Begin PBXTargetDependency section */
		40C30E002CB529E5004C4DD5 /* PBXTargetDependency */ = {
			isa = PBXTargetDependency;
			target = 40C30DED2CB529E3004C4DD5 /* SimpleShopping */;
			targetProxy = 40C30DFF2CB529E5004C4DD5 /* PBXContainerItemProxy */;
		};
		40C30E0A2CB529E5004C4DD5 /* PBXTargetDependency */ = {
			isa = PBXTargetDependency;
			target = 40C30DED2CB529E3004C4DD5 /* SimpleShopping */;
			targetProxy = 40C30E092CB529E5004C4DD5 /* PBXContainerItemProxy */;
		};
/* End PBXTargetDependency section */

/* Begin XCBuildConfiguration section */
		40C30E102CB529E5004C4DD5 /* Debug */ = {
			isa = XCBuildConfiguration;
			buildSettings = {
				ALWAYS_SEARCH_USER_PATHS = NO;
				ASSETCATALOG_COMPILER_GENERATE_SWIFT_ASSET_SYMBOL_EXTENSIONS = YES;
				CLANG_ANALYZER_NONNULL = YES;
				CLANG_ANALYZER_NUMBER_OBJECT_CONVERSION = YES_AGGRESSIVE;
				CLANG_CXX_LANGUAGE_STANDARD = "gnu++20";
				CLANG_ENABLE_MODULES = YES;
				CLANG_ENABLE_OBJC_ARC = YES;
				CLANG_ENABLE_OBJC_WEAK = YES;
				CLANG_WARN_BLOCK_CAPTURE_AUTORELEASING = YES;
				CLANG_WARN_BOOL_CONVERSION = YES;
				CLANG_WARN_COMMA = YES;
				CLANG_WARN_CONSTANT_CONVERSION = YES;
				CLANG_WARN_DEPRECATED_OBJC_IMPLEMENTATIONS = YES;
				CLANG_WARN_DIRECT_OBJC_ISA_USAGE = YES_ERROR;
				CLANG_WARN_DOCUMENTATION_COMMENTS = YES;
				CLANG_WARN_EMPTY_BODY = YES;
				CLANG_WARN_ENUM_CONVERSION = YES;
				CLANG_WARN_INFINITE_RECURSION = YES;
				CLANG_WARN_INT_CONVERSION = YES;
				CLANG_WARN_NON_LITERAL_NULL_CONVERSION = YES;
				CLANG_WARN_OBJC_IMPLICIT_RETAIN_SELF = YES;
				CLANG_WARN_OBJC_LITERAL_CONVERSION = YES;
				CLANG_WARN_OBJC_ROOT_CLASS = YES_ERROR;
				CLANG_WARN_QUOTED_INCLUDE_IN_FRAMEWORK_HEADER = YES;
				CLANG_WARN_RANGE_LOOP_ANALYSIS = YES;
				CLANG_WARN_STRICT_PROTOTYPES = YES;
				CLANG_WARN_SUSPICIOUS_MOVE = YES;
				CLANG_WARN_UNGUARDED_AVAILABILITY = YES_AGGRESSIVE;
				CLANG_WARN_UNREACHABLE_CODE = YES;
				CLANG_WARN__DUPLICATE_METHOD_MATCH = YES;
				COPY_PHASE_STRIP = NO;
				DEBUG_INFORMATION_FORMAT = dwarf;
				ENABLE_STRICT_OBJC_MSGSEND = YES;
				ENABLE_TESTABILITY = YES;
				ENABLE_USER_SCRIPT_SANDBOXING = YES;
				GCC_C_LANGUAGE_STANDARD = gnu17;
				GCC_DYNAMIC_NO_PIC = NO;
				GCC_NO_COMMON_BLOCKS = YES;
				GCC_OPTIMIZATION_LEVEL = 0;
				GCC_PREPROCESSOR_DEFINITIONS = (
					"DEBUG=1",
					"$(inherited)",
				);
				GCC_WARN_64_TO_32_BIT_CONVERSION = YES;
				GCC_WARN_ABOUT_RETURN_TYPE = YES_ERROR;
				GCC_WARN_UNDECLARED_SELECTOR = YES;
				GCC_WARN_UNINITIALIZED_AUTOS = YES_AGGRESSIVE;
				GCC_WARN_UNUSED_FUNCTION = YES;
				GCC_WARN_UNUSED_VARIABLE = YES;
				IPHONEOS_DEPLOYMENT_TARGET = 17.5;
				LOCALIZATION_PREFERS_STRING_CATALOGS = YES;
				MTL_ENABLE_DEBUG_INFO = INCLUDE_SOURCE;
				MTL_FAST_MATH = YES;
				ONLY_ACTIVE_ARCH = YES;
				SDKROOT = iphoneos;
				SWIFT_ACTIVE_COMPILATION_CONDITIONS = "DEBUG $(inherited)";
				SWIFT_OPTIMIZATION_LEVEL = "-Onone";
			};
			name = Debug;
		};
		40C30E112CB529E5004C4DD5 /* Release */ = {
			isa = XCBuildConfiguration;
			buildSettings = {
				ALWAYS_SEARCH_USER_PATHS = NO;
				ASSETCATALOG_COMPILER_GENERATE_SWIFT_ASSET_SYMBOL_EXTENSIONS = YES;
				CLANG_ANALYZER_NONNULL = YES;
				CLANG_ANALYZER_NUMBER_OBJECT_CONVERSION = YES_AGGRESSIVE;
				CLANG_CXX_LANGUAGE_STANDARD = "gnu++20";
				CLANG_ENABLE_MODULES = YES;
				CLANG_ENABLE_OBJC_ARC = YES;
				CLANG_ENABLE_OBJC_WEAK = YES;
				CLANG_WARN_BLOCK_CAPTURE_AUTORELEASING = YES;
				CLANG_WARN_BOOL_CONVERSION = YES;
				CLANG_WARN_COMMA = YES;
				CLANG_WARN_CONSTANT_CONVERSION = YES;
				CLANG_WARN_DEPRECATED_OBJC_IMPLEMENTATIONS = YES;
				CLANG_WARN_DIRECT_OBJC_ISA_USAGE = YES_ERROR;
				CLANG_WARN_DOCUMENTATION_COMMENTS = YES;
				CLANG_WARN_EMPTY_BODY = YES;
				CLANG_WARN_ENUM_CONVERSION = YES;
				CLANG_WARN_INFINITE_RECURSION = YES;
				CLANG_WARN_INT_CONVERSION = YES;
				CLANG_WARN_NON_LITERAL_NULL_CONVERSION = YES;
				CLANG_WARN_OBJC_IMPLICIT_RETAIN_SELF = YES;
				CLANG_WARN_OBJC_LITERAL_CONVERSION = YES;
				CLANG_WARN_OBJC_ROOT_CLASS = YES_ERROR;
				CLANG_WARN_QUOTED_INCLUDE_IN_FRAMEWORK_HEADER = YES;
				CLANG_WARN_RANGE_LOOP_ANALYSIS = YES;
				CLANG_WARN_STRICT_PROTOTYPES = YES;
				CLANG_WARN_SUSPICIOUS_MOVE = YES;
				CLANG_WARN_UNGUARDED_AVAILABILITY = YES_AGGRESSIVE;
				CLANG_WARN_UNREACHABLE_CODE = YES;
				CLANG_WARN__DUPLICATE_METHOD_MATCH = YES;
				COPY_PHASE_STRIP = NO;
				DEBUG_INFORMATION_FORMAT = "dwarf-with-dsym";
				ENABLE_NS_ASSERTIONS = NO;
				ENABLE_STRICT_OBJC_MSGSEND = YES;
				ENABLE_USER_SCRIPT_SANDBOXING = YES;
				GCC_C_LANGUAGE_STANDARD = gnu17;
				GCC_NO_COMMON_BLOCKS = YES;
				GCC_WARN_64_TO_32_BIT_CONVERSION = YES;
				GCC_WARN_ABOUT_RETURN_TYPE = YES_ERROR;
				GCC_WARN_UNDECLARED_SELECTOR = YES;
				GCC_WARN_UNINITIALIZED_AUTOS = YES_AGGRESSIVE;
				GCC_WARN_UNUSED_FUNCTION = YES;
				GCC_WARN_UNUSED_VARIABLE = YES;
				IPHONEOS_DEPLOYMENT_TARGET = 17.5;
				LOCALIZATION_PREFERS_STRING_CATALOGS = YES;
				MTL_ENABLE_DEBUG_INFO = NO;
				MTL_FAST_MATH = YES;
				SDKROOT = iphoneos;
				SWIFT_COMPILATION_MODE = wholemodule;
				VALIDATE_PRODUCT = YES;
			};
			name = Release;
		};
		40C30E132CB529E5004C4DD5 /* Debug */ = {
			isa = XCBuildConfiguration;
			buildSettings = {
				ASSETCATALOG_COMPILER_APPICON_NAME = AppIcon;
				ASSETCATALOG_COMPILER_GLOBAL_ACCENT_COLOR_NAME = AccentColor;
				CODE_SIGN_STYLE = Automatic;
				CURRENT_PROJECT_VERSION = 1;
				DEVELOPMENT_ASSET_PATHS = "\"SimpleShopping/Preview Content\"";
				DEVELOPMENT_TEAM = 2H6DVX9M24;
				ENABLE_PREVIEWS = YES;
				GENERATE_INFOPLIST_FILE = YES;
				INFOPLIST_KEY_LSApplicationCategoryType = "public.app-category.shopping";
				INFOPLIST_KEY_UIApplicationSceneManifest_Generation = YES;
				INFOPLIST_KEY_UIApplicationSupportsIndirectInputEvents = YES;
				INFOPLIST_KEY_UILaunchScreen_Generation = YES;
				INFOPLIST_KEY_UISupportedInterfaceOrientations_iPad = "UIInterfaceOrientationPortrait UIInterfaceOrientationPortraitUpsideDown UIInterfaceOrientationLandscapeLeft UIInterfaceOrientationLandscapeRight";
				INFOPLIST_KEY_UISupportedInterfaceOrientations_iPhone = "UIInterfaceOrientationPortrait UIInterfaceOrientationLandscapeLeft UIInterfaceOrientationLandscapeRight";
				IPHONEOS_DEPLOYMENT_TARGET = 15.0;
				LD_RUNPATH_SEARCH_PATHS = (
					"$(inherited)",
					"@executable_path/Frameworks",
				);
				MARKETING_VERSION = 0.1.0;
				PRODUCT_BUNDLE_IDENTIFIER = eu.appnest.SimpleShopping;
				PRODUCT_NAME = "$(TARGET_NAME)";
				SWIFT_EMIT_LOC_STRINGS = YES;
				SWIFT_VERSION = 5.0;
				TARGETED_DEVICE_FAMILY = "1,2";
			};
			name = Debug;
		};
		40C30E142CB529E5004C4DD5 /* Release */ = {
			isa = XCBuildConfiguration;
			buildSettings = {
				ASSETCATALOG_COMPILER_APPICON_NAME = AppIcon;
				ASSETCATALOG_COMPILER_GLOBAL_ACCENT_COLOR_NAME = AccentColor;
				CODE_SIGN_STYLE = Automatic;
				CURRENT_PROJECT_VERSION = 1;
				DEVELOPMENT_ASSET_PATHS = "\"SimpleShopping/Preview Content\"";
				DEVELOPMENT_TEAM = 2H6DVX9M24;
				ENABLE_PREVIEWS = YES;
				GENERATE_INFOPLIST_FILE = YES;
				INFOPLIST_KEY_LSApplicationCategoryType = "public.app-category.shopping";
				INFOPLIST_KEY_UIApplicationSceneManifest_Generation = YES;
				INFOPLIST_KEY_UIApplicationSupportsIndirectInputEvents = YES;
				INFOPLIST_KEY_UILaunchScreen_Generation = YES;
				INFOPLIST_KEY_UISupportedInterfaceOrientations_iPad = "UIInterfaceOrientationPortrait UIInterfaceOrientationPortraitUpsideDown UIInterfaceOrientationLandscapeLeft UIInterfaceOrientationLandscapeRight";
				INFOPLIST_KEY_UISupportedInterfaceOrientations_iPhone = "UIInterfaceOrientationPortrait UIInterfaceOrientationLandscapeLeft UIInterfaceOrientationLandscapeRight";
				IPHONEOS_DEPLOYMENT_TARGET = 15.0;
				LD_RUNPATH_SEARCH_PATHS = (
					"$(inherited)",
					"@executable_path/Frameworks",
				);
				MARKETING_VERSION = 0.1.0;
				PRODUCT_BUNDLE_IDENTIFIER = eu.appnest.SimpleShopping;
				PRODUCT_NAME = "$(TARGET_NAME)";
				SWIFT_EMIT_LOC_STRINGS = YES;
				SWIFT_VERSION = 5.0;
				TARGETED_DEVICE_FAMILY = "1,2";
			};
			name = Release;
		};
		40C30E162CB529E5004C4DD5 /* Debug */ = {
			isa = XCBuildConfiguration;
			buildSettings = {
				ALWAYS_EMBED_SWIFT_STANDARD_LIBRARIES = YES;
				BUNDLE_LOADER = "$(TEST_HOST)";
				CODE_SIGN_STYLE = Automatic;
				CURRENT_PROJECT_VERSION = 1;
				DEVELOPMENT_TEAM = 2H6DVX9M24;
				GENERATE_INFOPLIST_FILE = YES;
				IPHONEOS_DEPLOYMENT_TARGET = 17.5;
				MARKETING_VERSION = 1.0;
				PRODUCT_BUNDLE_IDENTIFIER = eu.appnest.SimpleShoppingTests;
				PRODUCT_NAME = "$(TARGET_NAME)";
				SWIFT_EMIT_LOC_STRINGS = NO;
				SWIFT_VERSION = 5.0;
				TARGETED_DEVICE_FAMILY = "1,2";
				TEST_HOST = "$(BUILT_PRODUCTS_DIR)/SimpleShopping.app/$(BUNDLE_EXECUTABLE_FOLDER_PATH)/SimpleShopping";
			};
			name = Debug;
		};
		40C30E172CB529E5004C4DD5 /* Release */ = {
			isa = XCBuildConfiguration;
			buildSettings = {
				ALWAYS_EMBED_SWIFT_STANDARD_LIBRARIES = YES;
				BUNDLE_LOADER = "$(TEST_HOST)";
				CODE_SIGN_STYLE = Automatic;
				CURRENT_PROJECT_VERSION = 1;
				DEVELOPMENT_TEAM = 2H6DVX9M24;
				GENERATE_INFOPLIST_FILE = YES;
				IPHONEOS_DEPLOYMENT_TARGET = 17.5;
				MARKETING_VERSION = 1.0;
				PRODUCT_BUNDLE_IDENTIFIER = eu.appnest.SimpleShoppingTests;
				PRODUCT_NAME = "$(TARGET_NAME)";
				SWIFT_EMIT_LOC_STRINGS = NO;
				SWIFT_VERSION = 5.0;
				TARGETED_DEVICE_FAMILY = "1,2";
				TEST_HOST = "$(BUILT_PRODUCTS_DIR)/SimpleShopping.app/$(BUNDLE_EXECUTABLE_FOLDER_PATH)/SimpleShopping";
			};
			name = Release;
		};
		40C30E192CB529E5004C4DD5 /* Debug */ = {
			isa = XCBuildConfiguration;
			buildSettings = {
				ALWAYS_EMBED_SWIFT_STANDARD_LIBRARIES = YES;
				CODE_SIGN_STYLE = Automatic;
				CURRENT_PROJECT_VERSION = 1;
				DEVELOPMENT_TEAM = 2H6DVX9M24;
				GENERATE_INFOPLIST_FILE = YES;
				MARKETING_VERSION = 1.0;
				PRODUCT_BUNDLE_IDENTIFIER = eu.appnest.SimpleShoppingUITests;
				PRODUCT_NAME = "$(TARGET_NAME)";
				SWIFT_EMIT_LOC_STRINGS = NO;
				SWIFT_VERSION = 5.0;
				TARGETED_DEVICE_FAMILY = "1,2";
				TEST_TARGET_NAME = SimpleShopping;
			};
			name = Debug;
		};
		40C30E1A2CB529E5004C4DD5 /* Release */ = {
			isa = XCBuildConfiguration;
			buildSettings = {
				ALWAYS_EMBED_SWIFT_STANDARD_LIBRARIES = YES;
				CODE_SIGN_STYLE = Automatic;
				CURRENT_PROJECT_VERSION = 1;
				DEVELOPMENT_TEAM = 2H6DVX9M24;
				GENERATE_INFOPLIST_FILE = YES;
				MARKETING_VERSION = 1.0;
				PRODUCT_BUNDLE_IDENTIFIER = eu.appnest.SimpleShoppingUITests;
				PRODUCT_NAME = "$(TARGET_NAME)";
				SWIFT_EMIT_LOC_STRINGS = NO;
				SWIFT_VERSION = 5.0;
				TARGETED_DEVICE_FAMILY = "1,2";
				TEST_TARGET_NAME = SimpleShopping;
			};
			name = Release;
		};
/* End XCBuildConfiguration section */

/* Begin XCConfigurationList section */
		40C30DE92CB529E3004C4DD5 /* Build configuration list for PBXProject "SimpleShopping" */ = {
			isa = XCConfigurationList;
			buildConfigurations = (
				40C30E102CB529E5004C4DD5 /* Debug */,
				40C30E112CB529E5004C4DD5 /* Release */,
			);
			defaultConfigurationIsVisible = 0;
			defaultConfigurationName = Release;
		};
		40C30E122CB529E5004C4DD5 /* Build configuration list for PBXNativeTarget "SimpleShopping" */ = {
			isa = XCConfigurationList;
			buildConfigurations = (
				40C30E132CB529E5004C4DD5 /* Debug */,
				40C30E142CB529E5004C4DD5 /* Release */,
			);
			defaultConfigurationIsVisible = 0;
			defaultConfigurationName = Release;
		};
		40C30E152CB529E5004C4DD5 /* Build configuration list for PBXNativeTarget "SimpleShoppingTests" */ = {
			isa = XCConfigurationList;
			buildConfigurations = (
				40C30E162CB529E5004C4DD5 /* Debug */,
				40C30E172CB529E5004C4DD5 /* Release */,
			);
			defaultConfigurationIsVisible = 0;
			defaultConfigurationName = Release;
		};
		40C30E182CB529E5004C4DD5 /* Build configuration list for PBXNativeTarget "SimpleShoppingUITests" */ = {
			isa = XCConfigurationList;
			buildConfigurations = (
				40C30E192CB529E5004C4DD5 /* Debug */,
				40C30E1A2CB529E5004C4DD5 /* Release */,
			);
			defaultConfigurationIsVisible = 0;
			defaultConfigurationName = Release;
		};
/* End XCConfigurationList section */
	};
	rootObject = 40C30DE62CB529E3004C4DD5 /* Project object */;
}
